
Microsoft Visual Studio Solution File, Format Version 12.00
# Visual Studio Version 16
VisualStudioVersion = 16.0.29102.190
MinimumVisualStudioVersion = 10.0.40219.1
Project("{FAE04EC0-301F-11D3-BF4B-00C04F79EFBC}") = "ChatPipesElBueno", "ChatPipesElBueno\ChatPipesElBueno.csproj", "{AA61468A-2A16-430F-92E9-AB986951C2CC}"
EndProject
Project("{FAE04EC0-301F-11D3-BF4B-00C04F79EFBC}") = "Microfono", "Microfono\Microfono.csproj", "{BDFBFE51-1DFA-4D77-BECF-9AF566B57C5B}"
EndProject
Project("{FAE04EC0-301F-11D3-BF4B-00C04F79EFBC}") = "biblioteca1", "biblioteca1\biblioteca1.csproj", "{3E8B1503-8040-46C9-AACF-F2CBF0D12EE3}"
EndProject
Global
	GlobalSection(SolutionConfigurationPlatforms) = preSolution
		Debug|Any CPU = Debug|Any CPU
		Release|Any CPU = Release|Any CPU
	EndGlobalSection
	GlobalSection(ProjectConfigurationPlatforms) = postSolution
		{AA61468A-2A16-430F-92E9-AB986951C2CC}.Debug|Any CPU.ActiveCfg = Debug|Any CPU
		{AA61468A-2A16-430F-92E9-AB986951C2CC}.Debug|Any CPU.Build.0 = Debug|Any CPU
		{AA61468A-2A16-430F-92E9-AB986951C2CC}.Release|Any CPU.ActiveCfg = Release|Any CPU
		{AA61468A-2A16-430F-92E9-AB986951C2CC}.Release|Any CPU.Build.0 = Release|Any CPU
		{BDFBFE51-1DFA-4D77-BECF-9AF566B57C5B}.Debug|Any CPU.ActiveCfg = Debug|Any CPU
		{BDFBFE51-1DFA-4D77-BECF-9AF566B57C5B}.Debug|Any CPU.Build.0 = Debug|Any CPU
		{BDFBFE51-1DFA-4D77-BECF-9AF566B57C5B}.Release|Any CPU.ActiveCfg = Release|Any CPU
		{BDFBFE51-1DFA-4D77-BECF-9AF566B57C5B}.Release|Any CPU.Build.0 = Release|Any CPU
		{3E8B1503-8040-46C9-AACF-F2CBF0D12EE3}.Debug|Any CPU.ActiveCfg = Debug|Any CPU
		{3E8B1503-8040-46C9-AACF-F2CBF0D12EE3}.Debug|Any CPU.Build.0 = Debug|Any CPU
		{3E8B1503-8040-46C9-AACF-F2CBF0D12EE3}.Release|Any CPU.ActiveCfg = Release|Any CPU
		{3E8B1503-8040-46C9-AACF-F2CBF0D12EE3}.Release|Any CPU.Build.0 = Release|Any CPU
	EndGlobalSection
	GlobalSection(SolutionProperties) = preSolution
		HideSolutionNode = FALSE
	EndGlobalSection
	GlobalSection(ExtensibilityGlobals) = postSolution
		SolutionGuid = {8A25C0C3-B333-4183-B0B4-822054A547A8}
	EndGlobalSection
EndGlobal
